
Microsoft Visual Studio Solution File, Format Version 12.00
# Visual Studio Version 17
VisualStudioVersion = 17.8.34004.107
MinimumVisualStudioVersion = 10.0.40219.1
Project("{9A19103F-16F7-4668-BE54-9A1E7A4F7556}") = "Domain", "Domain\Domain.csproj", "{6DAC99FD-559C-469A-A9D3-72E42EE7E9D9}"
EndProject
Project("{9A19103F-16F7-4668-BE54-9A1E7A4F7556}") = "Persistence", "Persistence\Persistence.csproj", "{D13AC0A2-AFD1-4B5C-B058-49DAB15D789D}"
EndProject
Project("{9A19103F-16F7-4668-BE54-9A1E7A4F7556}") = "Application", "Application\Application.csproj", "{6B2DA010-6681-4BCF-B27A-087C8030A10E}"
EndProject
Project("{9A19103F-16F7-4668-BE54-9A1E7A4F7556}") = "Web.API", "Web.API\Web.API.csproj", "{C7DC53BB-98ED-4F65-806E-F12C56A56434}"
EndProject
Project("{9A19103F-16F7-4668-BE54-9A1E7A4F7556}") = "Web.UI", "Web.UI\Web.UI.csproj", "{AB865097-F86B-4CC3-900C-61F13A8CAB64}"
EndProject
Project("{E53339B2-1760-4266-BCC7-CA923CBCF16C}") = "docker-compose", "docker-compose.dcproj", "{71DA8D03-2201-4185-9AC7-E36C6FDA151C}"
EndProject
Project("{2150E333-8FDC-42A3-9474-1A3956D46DE8}") = "src", "src", "{8DF1EEE5-84E5-4E93-9B2A-BE482181CCD1}"
EndProject
Global
	GlobalSection(SolutionConfigurationPlatforms) = preSolution
		Debug|Any CPU = Debug|Any CPU
		Release|Any CPU = Release|Any CPU
	EndGlobalSection
	GlobalSection(ProjectConfigurationPlatforms) = postSolution
		{6DAC99FD-559C-469A-A9D3-72E42EE7E9D9}.Debug|Any CPU.ActiveCfg = Debug|Any CPU
		{6DAC99FD-559C-469A-A9D3-72E42EE7E9D9}.Debug|Any CPU.Build.0 = Debug|Any CPU
		{6DAC99FD-559C-469A-A9D3-72E42EE7E9D9}.Release|Any CPU.ActiveCfg = Release|Any CPU
		{6DAC99FD-559C-469A-A9D3-72E42EE7E9D9}.Release|Any CPU.Build.0 = Release|Any CPU
		{D13AC0A2-AFD1-4B5C-B058-49DAB15D789D}.Debug|Any CPU.ActiveCfg = Debug|Any CPU
		{D13AC0A2-AFD1-4B5C-B058-49DAB15D789D}.Debug|Any CPU.Build.0 = Debug|Any CPU
		{D13AC0A2-AFD1-4B5C-B058-49DAB15D789D}.Release|Any CPU.ActiveCfg = Release|Any CPU
		{D13AC0A2-AFD1-4B5C-B058-49DAB15D789D}.Release|Any CPU.Build.0 = Release|Any CPU
		{6B2DA010-6681-4BCF-B27A-087C8030A10E}.Debug|Any CPU.ActiveCfg = Debug|Any CPU
		{6B2DA010-6681-4BCF-B27A-087C8030A10E}.Debug|Any CPU.Build.0 = Debug|Any CPU
		{6B2DA010-6681-4BCF-B27A-087C8030A10E}.Release|Any CPU.ActiveCfg = Release|Any CPU
		{6B2DA010-6681-4BCF-B27A-087C8030A10E}.Release|Any CPU.Build.0 = Release|Any CPU
		{C7DC53BB-98ED-4F65-806E-F12C56A56434}.Debug|Any CPU.ActiveCfg = Debug|Any CPU
		{C7DC53BB-98ED-4F65-806E-F12C56A56434}.Debug|Any CPU.Build.0 = Debug|Any CPU
		{C7DC53BB-98ED-4F65-806E-F12C56A56434}.Release|Any CPU.ActiveCfg = Release|Any CPU
		{C7DC53BB-98ED-4F65-806E-F12C56A56434}.Release|Any CPU.Build.0 = Release|Any CPU
		{AB865097-F86B-4CC3-900C-61F13A8CAB64}.Debug|Any CPU.ActiveCfg = Debug|Any CPU
		{AB865097-F86B-4CC3-900C-61F13A8CAB64}.Debug|Any CPU.Build.0 = Debug|Any CPU
		{AB865097-F86B-4CC3-900C-61F13A8CAB64}.Release|Any CPU.ActiveCfg = Release|Any CPU
		{AB865097-F86B-4CC3-900C-61F13A8CAB64}.Release|Any CPU.Build.0 = Release|Any CPU
		{71DA8D03-2201-4185-9AC7-E36C6FDA151C}.Debug|Any CPU.ActiveCfg = Debug|Any CPU
		{71DA8D03-2201-4185-9AC7-E36C6FDA151C}.Debug|Any CPU.Build.0 = Debug|Any CPU
		{71DA8D03-2201-4185-9AC7-E36C6FDA151C}.Release|Any CPU.ActiveCfg = Release|Any CPU
		{71DA8D03-2201-4185-9AC7-E36C6FDA151C}.Release|Any CPU.Build.0 = Release|Any CPU
	EndGlobalSection
	GlobalSection(SolutionProperties) = preSolution
		HideSolutionNode = FALSE
	EndGlobalSection
	GlobalSection(NestedProjects) = preSolution
		{6DAC99FD-559C-469A-A9D3-72E42EE7E9D9} = {8DF1EEE5-84E5-4E93-9B2A-BE482181CCD1}
		{D13AC0A2-AFD1-4B5C-B058-49DAB15D789D} = {8DF1EEE5-84E5-4E93-9B2A-BE482181CCD1}
		{6B2DA010-6681-4BCF-B27A-087C8030A10E} = {8DF1EEE5-84E5-4E93-9B2A-BE482181CCD1}
		{C7DC53BB-98ED-4F65-806E-F12C56A56434} = {8DF1EEE5-84E5-4E93-9B2A-BE482181CCD1}
		{AB865097-F86B-4CC3-900C-61F13A8CAB64} = {8DF1EEE5-84E5-4E93-9B2A-BE482181CCD1}
	EndGlobalSection
	GlobalSection(ExtensibilityGlobals) = postSolution
		SolutionGuid = {E4A30C9E-959C-4D04-AF57-77CE96B63364}
	EndGlobalSection
EndGlobal
